
Microsoft Visual Studio Solution File, Format Version 12.00
# Visual Studio Version 17
VisualStudioVersion = 17.3.32825.248
MinimumVisualStudioVersion = 10.0.40219.1
Project("{FAE04EC0-301F-11D3-BF4B-00C04F79EFBC}") = "RailwayTrainDepartures", "RailwayTrainDepartures\RailwayTrainDepartures.csproj", "{F9162BE6-914B-49BF-B1FB-505559EAD2A7}"
EndProject
Global
	GlobalSection(SolutionConfigurationPlatforms) = preSolution
		Debug|Any CPU = Debug|Any CPU
		Release|Any CPU = Release|Any CPU
	EndGlobalSection
	GlobalSection(ProjectConfigurationPlatforms) = postSolution
		{F9162BE6-914B-49BF-B1FB-505559EAD2A7}.Debug|Any CPU.ActiveCfg = Debug|Any CPU
		{F9162BE6-914B-49BF-B1FB-505559EAD2A7}.Debug|Any CPU.Build.0 = Debug|Any CPU
		{F9162BE6-914B-49BF-B1FB-505559EAD2A7}.Release|Any CPU.ActiveCfg = Release|Any CPU
		{F9162BE6-914B-49BF-B1FB-505559EAD2A7}.Release|Any CPU.Build.0 = Release|Any CPU
	EndGlobalSection
	GlobalSection(SolutionProperties) = preSolution
		HideSolutionNode = FALSE
	EndGlobalSection
	GlobalSection(ExtensibilityGlobals) = postSolution
		SolutionGuid = {17CFDE9B-D622-490E-B164-4051D2266659}
	EndGlobalSection
EndGlobal
